
Microsoft Visual Studio Solution File, Format Version 12.00
# Visual Studio 15
VisualStudioVersion = 15.0.33403.129
MinimumVisualStudioVersion = 10.0.40219.1
Project("{F184B08F-C81C-45F6-A57F-5ABD9991F28F}") = "Klinik", "Klinik\Klinik.vbproj", "{2DE9883F-5F4A-4B70-B95D-8575C0C64975}"
EndProject
Global
	GlobalSection(SolutionConfigurationPlatforms) = preSolution
		Debug|Any CPU = Debug|Any CPU
		Release|Any CPU = Release|Any CPU
	EndGlobalSection
	GlobalSection(ProjectConfigurationPlatforms) = postSolution
		{2DE9883F-5F4A-4B70-B95D-8575C0C64975}.Debug|Any CPU.ActiveCfg = Debug|Any CPU
		{2DE9883F-5F4A-4B70-B95D-8575C0C64975}.Debug|Any CPU.Build.0 = Debug|Any CPU
		{2DE9883F-5F4A-4B70-B95D-8575C0C64975}.Release|Any CPU.ActiveCfg = Release|Any CPU
		{2DE9883F-5F4A-4B70-B95D-8575C0C64975}.Release|Any CPU.Build.0 = Release|Any CPU
	EndGlobalSection
	GlobalSection(SolutionProperties) = preSolution
		HideSolutionNode = FALSE
	EndGlobalSection
	GlobalSection(ExtensibilityGlobals) = postSolution
		SolutionGuid = {7DA3DC9D-1F4C-43CB-A6E9-56CA1D0E96EA}
	EndGlobalSection
EndGlobal
